// !$*UTF8*$!
{
	archiveVersion = 1;
	classes = {
	};
	objectVersion = 46;
	objects = {

/* Begin PBXBuildFile section */
		1D3623260D0F684500981E51 /* RosyWriterAppDelegate.m in Sources */ = {isa = PBXBuildFile; fileRef = 1D3623250D0F684500981E51 /* RosyWriterAppDelegate.m */; };
		1D60589B0D05DD56006BFB54 /* main.m in Sources */ = {isa = PBXBuildFile; fileRef = 29B97316FDCFA39411CA2CEA /* main.m */; };
		1D60589F0D05DD5A006BFB54 /* Foundation.framework in Frameworks */ = {isa = PBXBuildFile; fileRef = 1D30AB110D05D00D00671497 /* Foundation.framework */; };
		1DF5F4E00D08C38300B7A737 /* UIKit.framework in Frameworks */ = {isa = PBXBuildFile; fileRef = 1DF5F4DF0D08C38300B7A737 /* UIKit.framework */; };
		26545D0812E6ACE0004BB151 /* AVFoundation.framework in Frameworks */ = {isa = PBXBuildFile; fileRef = 26545D0712E6ACE0004BB151 /* AVFoundation.framework */; };
		26545D0A12E6ACE0004BB151 /* CoreMedia.framework in Frameworks */ = {isa = PBXBuildFile; fileRef = 26545D0912E6ACE0004BB151 /* CoreMedia.framework */; };
		266059761325B7AB001A16FE /* AssetsLibrary.framework in Frameworks */ = {isa = PBXBuildFile; fileRef = 266059751325B7AB001A16FE /* AssetsLibrary.framework */; };
		267A775D133AA0E0005BCA26 /* QuartzCore.framework in Frameworks */ = {isa = PBXBuildFile; fileRef = 267A775C133AA0E0005BCA26 /* QuartzCore.framework */; };
		2694EA4112F8E712007D4CFF /* CoreVideo.framework in Frameworks */ = {isa = PBXBuildFile; fileRef = 2694EA4012F8E712007D4CFF /* CoreVideo.framework */; };
		26B0755913981396003A24D9 /* RosyWriterPreviewView.m in Sources */ = {isa = PBXBuildFile; fileRef = 26B0755813981396003A24D9 /* RosyWriterPreviewView.m */; };
		26B0755D13981497003A24D9 /* OpenGLES.framework in Frameworks */ = {isa = PBXBuildFile; fileRef = 26B0755C13981497003A24D9 /* OpenGLES.framework */; };
		26DC173912FA5289004340D7 /* MobileCoreServices.framework in Frameworks */ = {isa = PBXBuildFile; fileRef = 26DC173812FA5289004340D7 /* MobileCoreServices.framework */; };
		288765590DF743DE002DB57D /* CoreGraphics.framework in Frameworks */ = {isa = PBXBuildFile; fileRef = 288765580DF743DE002DB57D /* CoreGraphics.framework */; };
		289233AE0DB2D0DB0083E9F9 /* RosyWriterViewController.m in Sources */ = {isa = PBXBuildFile; fileRef = 289233A90DB2D0DB0083E9F9 /* RosyWriterViewController.m */; };
		87B0331214FA2930001708CE /* FinalizePhudgeViewController.m in Sources */ = {isa = PBXBuildFile; fileRef = 87B0331014FA2930001708CE /* FinalizePhudgeViewController.m */; };
		87B0331314FA2930001708CE /* FinalizePhudgeViewController.xib in Resources */ = {isa = PBXBuildFile; fileRef = 87B0331114FA2930001708CE /* FinalizePhudgeViewController.xib */; };
		87B0334614FA2C9F001708CE /* NSObject+SBJson.m in Sources */ = {isa = PBXBuildFile; fileRef = 87B0332E14FA2C9F001708CE /* NSObject+SBJson.m */; };
		87B0334714FA2C9F001708CE /* SBJsonParser.m in Sources */ = {isa = PBXBuildFile; fileRef = 87B0333114FA2C9F001708CE /* SBJsonParser.m */; };
		87B0334814FA2C9F001708CE /* SBJsonStreamParser.m in Sources */ = {isa = PBXBuildFile; fileRef = 87B0333314FA2C9F001708CE /* SBJsonStreamParser.m */; };
		87B0334914FA2C9F001708CE /* SBJsonStreamParserAccumulator.m in Sources */ = {isa = PBXBuildFile; fileRef = 87B0333514FA2C9F001708CE /* SBJsonStreamParserAccumulator.m */; };
		87B0334A14FA2C9F001708CE /* SBJsonStreamParserAdapter.m in Sources */ = {isa = PBXBuildFile; fileRef = 87B0333714FA2C9F001708CE /* SBJsonStreamParserAdapter.m */; };
		87B0334B14FA2C9F001708CE /* SBJsonStreamParserState.m in Sources */ = {isa = PBXBuildFile; fileRef = 87B0333914FA2C9F001708CE /* SBJsonStreamParserState.m */; };
		87B0334C14FA2C9F001708CE /* SBJsonStreamWriter.m in Sources */ = {isa = PBXBuildFile; fileRef = 87B0333B14FA2C9F001708CE /* SBJsonStreamWriter.m */; };
		87B0334D14FA2C9F001708CE /* SBJsonStreamWriterAccumulator.m in Sources */ = {isa = PBXBuildFile; fileRef = 87B0333D14FA2C9F001708CE /* SBJsonStreamWriterAccumulator.m */; };
		87B0334E14FA2C9F001708CE /* SBJsonStreamWriterState.m in Sources */ = {isa = PBXBuildFile; fileRef = 87B0333F14FA2C9F001708CE /* SBJsonStreamWriterState.m */; };
		87B0334F14FA2C9F001708CE /* SBJsonTokeniser.m in Sources */ = {isa = PBXBuildFile; fileRef = 87B0334114FA2C9F001708CE /* SBJsonTokeniser.m */; };
		87B0335014FA2C9F001708CE /* SBJsonUTF8Stream.m in Sources */ = {isa = PBXBuildFile; fileRef = 87B0334314FA2C9F001708CE /* SBJsonUTF8Stream.m */; };
		87B0335114FA2C9F001708CE /* SBJsonWriter.m in Sources */ = {isa = PBXBuildFile; fileRef = 87B0334514FA2C9F001708CE /* SBJsonWriter.m */; };
		87B0335514FA2CCD001708CE /* FJPhudgeServerInterface.m in Sources */ = {isa = PBXBuildFile; fileRef = 87B0335414FA2CCD001708CE /* FJPhudgeServerInterface.m */; };
		87B0335614FA2D00001708CE /* Reachability.m in Sources */ = {isa = PBXBuildFile; fileRef = 87B0331614FA2C7A001708CE /* Reachability.m */; };
		87B0335714FA2D00001708CE /* ASIAuthenticationDialog.m in Sources */ = {isa = PBXBuildFile; fileRef = 87B0331814FA2C7A001708CE /* ASIAuthenticationDialog.m */; };
		87B0335814FA2D00001708CE /* ASIDataCompressor.m in Sources */ = {isa = PBXBuildFile; fileRef = 87B0331B14FA2C7A001708CE /* ASIDataCompressor.m */; };
		87B0335914FA2D00001708CE /* ASIDataDecompressor.m in Sources */ = {isa = PBXBuildFile; fileRef = 87B0331D14FA2C7A001708CE /* ASIDataDecompressor.m */; };
		87B0335A14FA2D00001708CE /* ASIDownloadCache.m in Sources */ = {isa = PBXBuildFile; fileRef = 87B0331F14FA2C7A001708CE /* ASIDownloadCache.m */; };
		87B0335B14FA2D00001708CE /* ASIFormDataRequest.m in Sources */ = {isa = PBXBuildFile; fileRef = 87B0332114FA2C7A001708CE /* ASIFormDataRequest.m */; };
		87B0335C14FA2D00001708CE /* ASIHTTPRequest.m in Sources */ = {isa = PBXBuildFile; fileRef = 87B0332314FA2C7A001708CE /* ASIHTTPRequest.m */; };
		87B0335D14FA2D00001708CE /* ASIInputStream.m in Sources */ = {isa = PBXBuildFile; fileRef = 87B0332714FA2C7A001708CE /* ASIInputStream.m */; };
		87B0335E14FA2D00001708CE /* ASINetworkQueue.m in Sources */ = {isa = PBXBuildFile; fileRef = 87B0332914FA2C7A001708CE /* ASINetworkQueue.m */; };
		87B0336014FA2D1B001708CE /* SystemConfiguration.framework in Frameworks */ = {isa = PBXBuildFile; fileRef = 87B0335F14FA2D1B001708CE /* SystemConfiguration.framework */; };
		87B0336214FA2D23001708CE /* libz.dylib in Frameworks */ = {isa = PBXBuildFile; fileRef = 87B0336114FA2D23001708CE /* libz.dylib */; };
		87B0336414FA2D2F001708CE /* CFNetwork.framework in Frameworks */ = {isa = PBXBuildFile; fileRef = 87B0336314FA2D2F001708CE /* CFNetwork.framework */; };
		87B0337014FA35BB001708CE /* FJPhudgeFacebookInterface.m in Sources */ = {isa = PBXBuildFile; fileRef = 87B0336F14FA35BB001708CE /* FJPhudgeFacebookInterface.m */; };
		87B0337C14FA35FC001708CE /* Facebook.m in Sources */ = {isa = PBXBuildFile; fileRef = 87B0337314FA35FC001708CE /* Facebook.m */; };
		87B0337D14FA35FC001708CE /* FBDialog.bundle in Resources */ = {isa = PBXBuildFile; fileRef = 87B0337514FA35FC001708CE /* FBDialog.bundle */; };
		87B0337E14FA35FC001708CE /* FBDialog.m in Sources */ = {isa = PBXBuildFile; fileRef = 87B0337714FA35FC001708CE /* FBDialog.m */; };
		87B0337F14FA35FC001708CE /* FBLoginDialog.m in Sources */ = {isa = PBXBuildFile; fileRef = 87B0337914FA35FC001708CE /* FBLoginDialog.m */; };
		87B0338014FA35FC001708CE /* FBRequest.m in Sources */ = {isa = PBXBuildFile; fileRef = 87B0337B14FA35FC001708CE /* FBRequest.m */; };
		955110CF14F9681F00907469 /* AVCamUtilities.m in Sources */ = {isa = PBXBuildFile; fileRef = 955110CE14F9681F00907469 /* AVCamUtilities.m */; };
		955110E514F9799F00907469 /* CoreMotion.framework in Frameworks */ = {isa = PBXBuildFile; fileRef = 955110E414F9799F00907469 /* CoreMotion.framework */; };
		955110ED14F98E6D00907469 /* s.png in Resources */ = {isa = PBXBuildFile; fileRef = 955110EC14F98E6D00907469 /* s.png */; };
		95ECCDF114FA28F80039770E /* PhotoPreviewViewController.m in Sources */ = {isa = PBXBuildFile; fileRef = 95ECCDEF14FA28F80039770E /* PhotoPreviewViewController.m */; };
		95ECCDF214FA28F80039770E /* PhotoPreviewViewController.xib in Resources */ = {isa = PBXBuildFile; fileRef = 95ECCDF014FA28F80039770E /* PhotoPreviewViewController.xib */; };
		AF2A5C021434ED1F007EF597 /* MainWindow.xib in Resources */ = {isa = PBXBuildFile; fileRef = AF2A5BFE1434ED1F007EF597 /* MainWindow.xib */; };
		AF2A5C031434ED1F007EF597 /* RosyWriterViewController.xib in Resources */ = {isa = PBXBuildFile; fileRef = AF2A5C001434ED1F007EF597 /* RosyWriterViewController.xib */; };
		AF928C10140C2AD300844BAD /* ShaderUtilities.c in Sources */ = {isa = PBXBuildFile; fileRef = AF928C0E140C2AD300844BAD /* ShaderUtilities.c */; };
		AFC35FDC13FEFC0A0043EAD6 /* passThrough.fsh in Resources */ = {isa = PBXBuildFile; fileRef = AFC35FDA13FEFC0A0043EAD6 /* passThrough.fsh */; };
		AFC35FDD13FEFC0A0043EAD6 /* passThrough.vsh in Resources */ = {isa = PBXBuildFile; fileRef = AFC35FDB13FEFC0A0043EAD6 /* passThrough.vsh */; };
		AFC35FE813FF35900043EAD6 /* RosyWriterVideoProcessor.m in Sources */ = {isa = PBXBuildFile; fileRef = AFC35FE713FF35900043EAD6 /* RosyWriterVideoProcessor.m */; };
/* End PBXBuildFile section */

/* Begin PBXFileReference section */
		1D30AB110D05D00D00671497 /* Foundation.framework */ = {isa = PBXFileReference; lastKnownFileType = wrapper.framework; name = Foundation.framework; path = System/Library/Frameworks/Foundation.framework; sourceTree = SDKROOT; };
		1D3623240D0F684500981E51 /* RosyWriterAppDelegate.h */ = {isa = PBXFileReference; fileEncoding = 4; lastKnownFileType = sourcecode.c.h; name = RosyWriterAppDelegate.h; path = Classes/RosyWriterAppDelegate.h; sourceTree = "<group>"; };
		1D3623250D0F684500981E51 /* RosyWriterAppDelegate.m */ = {isa = PBXFileReference; fileEncoding = 4; lastKnownFileType = sourcecode.c.objc; name = RosyWriterAppDelegate.m; path = Classes/RosyWriterAppDelegate.m; sourceTree = "<group>"; };
		1D6058910D05DD3D006BFB54 /* Phudge.app */ = {isa = PBXFileReference; explicitFileType = wrapper.application; includeInIndex = 0; path = Phudge.app; sourceTree = BUILT_PRODUCTS_DIR; };
		1DF5F4DF0D08C38300B7A737 /* UIKit.framework */ = {isa = PBXFileReference; lastKnownFileType = wrapper.framework; name = UIKit.framework; path = System/Library/Frameworks/UIKit.framework; sourceTree = SDKROOT; };
		26545D0712E6ACE0004BB151 /* AVFoundation.framework */ = {isa = PBXFileReference; lastKnownFileType = wrapper.framework; name = AVFoundation.framework; path = System/Library/Frameworks/AVFoundation.framework; sourceTree = SDKROOT; };
		26545D0912E6ACE0004BB151 /* CoreMedia.framework */ = {isa = PBXFileReference; lastKnownFileType = wrapper.framework; name = CoreMedia.framework; path = System/Library/Frameworks/CoreMedia.framework; sourceTree = SDKROOT; };
		266059751325B7AB001A16FE /* AssetsLibrary.framework */ = {isa = PBXFileReference; lastKnownFileType = wrapper.framework; name = AssetsLibrary.framework; path = System/Library/Frameworks/AssetsLibrary.framework; sourceTree = SDKROOT; };
		267A775C133AA0E0005BCA26 /* QuartzCore.framework */ = {isa = PBXFileReference; lastKnownFileType = wrapper.framework; name = QuartzCore.framework; path = System/Library/Frameworks/QuartzCore.framework; sourceTree = SDKROOT; };
		2694EA4012F8E712007D4CFF /* CoreVideo.framework */ = {isa = PBXFileReference; lastKnownFileType = wrapper.framework; name = CoreVideo.framework; path = System/Library/Frameworks/CoreVideo.framework; sourceTree = SDKROOT; };
		26B0755713981396003A24D9 /* RosyWriterPreviewView.h */ = {isa = PBXFileReference; fileEncoding = 4; lastKnownFileType = sourcecode.c.h; name = RosyWriterPreviewView.h; path = Classes/RosyWriterPreviewView.h; sourceTree = "<group>"; };
		26B0755813981396003A24D9 /* RosyWriterPreviewView.m */ = {isa = PBXFileReference; fileEncoding = 4; lastKnownFileType = sourcecode.c.objc; name = RosyWriterPreviewView.m; path = Classes/RosyWriterPreviewView.m; sourceTree = "<group>"; };
		26B0755C13981497003A24D9 /* OpenGLES.framework */ = {isa = PBXFileReference; lastKnownFileType = wrapper.framework; name = OpenGLES.framework; path = System/Library/Frameworks/OpenGLES.framework; sourceTree = SDKROOT; };
		26DC173812FA5289004340D7 /* MobileCoreServices.framework */ = {isa = PBXFileReference; lastKnownFileType = wrapper.framework; name = MobileCoreServices.framework; path = System/Library/Frameworks/MobileCoreServices.framework; sourceTree = SDKROOT; };
		288765580DF743DE002DB57D /* CoreGraphics.framework */ = {isa = PBXFileReference; lastKnownFileType = wrapper.framework; name = CoreGraphics.framework; path = System/Library/Frameworks/CoreGraphics.framework; sourceTree = SDKROOT; };
		289233A80DB2D0DB0083E9F9 /* RosyWriterViewController.h */ = {isa = PBXFileReference; fileEncoding = 4; lastKnownFileType = sourcecode.c.h; name = RosyWriterViewController.h; path = Classes/RosyWriterViewController.h; sourceTree = "<group>"; };
		289233A90DB2D0DB0083E9F9 /* RosyWriterViewController.m */ = {isa = PBXFileReference; fileEncoding = 4; lastKnownFileType = sourcecode.c.objc; name = RosyWriterViewController.m; path = Classes/RosyWriterViewController.m; sourceTree = "<group>"; };
		29B97316FDCFA39411CA2CEA /* main.m */ = {isa = PBXFileReference; fileEncoding = 4; lastKnownFileType = sourcecode.c.objc; path = main.m; sourceTree = "<group>"; };
		32CA4F630368D1EE00C91783 /* RosyWriter_Prefix.pch */ = {isa = PBXFileReference; fileEncoding = 4; lastKnownFileType = sourcecode.c.h; path = RosyWriter_Prefix.pch; sourceTree = "<group>"; };
		87B0330F14FA2930001708CE /* FinalizePhudgeViewController.h */ = {isa = PBXFileReference; fileEncoding = 4; lastKnownFileType = sourcecode.c.h; name = FinalizePhudgeViewController.h; path = Classes/FinalizePhudgeViewController.h; sourceTree = "<group>"; };
		87B0331014FA2930001708CE /* FinalizePhudgeViewController.m */ = {isa = PBXFileReference; fileEncoding = 4; lastKnownFileType = sourcecode.c.objc; name = FinalizePhudgeViewController.m; path = Classes/FinalizePhudgeViewController.m; sourceTree = "<group>"; };
		87B0331114FA2930001708CE /* FinalizePhudgeViewController.xib */ = {isa = PBXFileReference; fileEncoding = 4; lastKnownFileType = file.xib; name = FinalizePhudgeViewController.xib; path = Classes/FinalizePhudgeViewController.xib; sourceTree = "<group>"; };
		87B0331514FA2C7A001708CE /* Reachability.h */ = {isa = PBXFileReference; lastKnownFileType = sourcecode.c.h; path = Reachability.h; sourceTree = "<group>"; };
		87B0331614FA2C7A001708CE /* Reachability.m */ = {isa = PBXFileReference; lastKnownFileType = sourcecode.c.objc; path = Reachability.m; sourceTree = "<group>"; };
		87B0331714FA2C7A001708CE /* ASIAuthenticationDialog.h */ = {isa = PBXFileReference; lastKnownFileType = sourcecode.c.h; path = ASIAuthenticationDialog.h; sourceTree = "<group>"; };
		87B0331814FA2C7A001708CE /* ASIAuthenticationDialog.m */ = {isa = PBXFileReference; lastKnownFileType = sourcecode.c.objc; path = ASIAuthenticationDialog.m; sourceTree = "<group>"; };
		87B0331914FA2C7A001708CE /* ASICacheDelegate.h */ = {isa = PBXFileReference; lastKnownFileType = sourcecode.c.h; path = ASICacheDelegate.h; sourceTree = "<group>"; };
		87B0331A14FA2C7A001708CE /* ASIDataCompressor.h */ = {isa = PBXFileReference; lastKnownFileType = sourcecode.c.h; path = ASIDataCompressor.h; sourceTree = "<group>"; };
		87B0331B14FA2C7A001708CE /* ASIDataCompressor.m */ = {isa = PBXFileReference; lastKnownFileType = sourcecode.c.objc; path = ASIDataCompressor.m; sourceTree = "<group>"; };
		87B0331C14FA2C7A001708CE /* ASIDataDecompressor.h */ = {isa = PBXFileReference; lastKnownFileType = sourcecode.c.h; path = ASIDataDecompressor.h; sourceTree = "<group>"; };
		87B0331D14FA2C7A001708CE /* ASIDataDecompressor.m */ = {isa = PBXFileReference; lastKnownFileType = sourcecode.c.objc; path = ASIDataDecompressor.m; sourceTree = "<group>"; };
		87B0331E14FA2C7A001708CE /* ASIDownloadCache.h */ = {isa = PBXFileReference; lastKnownFileType = sourcecode.c.h; path = ASIDownloadCache.h; sourceTree = "<group>"; };
		87B0331F14FA2C7A001708CE /* ASIDownloadCache.m */ = {isa = PBXFileReference; lastKnownFileType = sourcecode.c.objc; path = ASIDownloadCache.m; sourceTree = "<group>"; };
		87B0332014FA2C7A001708CE /* ASIFormDataRequest.h */ = {isa = PBXFileReference; lastKnownFileType = sourcecode.c.h; path = ASIFormDataRequest.h; sourceTree = "<group>"; };
		87B0332114FA2C7A001708CE /* ASIFormDataRequest.m */ = {isa = PBXFileReference; lastKnownFileType = sourcecode.c.objc; path = ASIFormDataRequest.m; sourceTree = "<group>"; };
		87B0332214FA2C7A001708CE /* ASIHTTPRequest.h */ = {isa = PBXFileReference; lastKnownFileType = sourcecode.c.h; path = ASIHTTPRequest.h; sourceTree = "<group>"; };
		87B0332314FA2C7A001708CE /* ASIHTTPRequest.m */ = {isa = PBXFileReference; lastKnownFileType = sourcecode.c.objc; path = ASIHTTPRequest.m; sourceTree = "<group>"; };
		87B0332414FA2C7A001708CE /* ASIHTTPRequestConfig.h */ = {isa = PBXFileReference; lastKnownFileType = sourcecode.c.h; path = ASIHTTPRequestConfig.h; sourceTree = "<group>"; };
		87B0332514FA2C7A001708CE /* ASIHTTPRequestDelegate.h */ = {isa = PBXFileReference; lastKnownFileType = sourcecode.c.h; path = ASIHTTPRequestDelegate.h; sourceTree = "<group>"; };
		87B0332614FA2C7A001708CE /* ASIInputStream.h */ = {isa = PBXFileReference; lastKnownFileType = sourcecode.c.h; path = ASIInputStream.h; sourceTree = "<group>"; };
		87B0332714FA2C7A001708CE /* ASIInputStream.m */ = {isa = PBXFileReference; lastKnownFileType = sourcecode.c.objc; path = ASIInputStream.m; sourceTree = "<group>"; };
		87B0332814FA2C7A001708CE /* ASINetworkQueue.h */ = {isa = PBXFileReference; lastKnownFileType = sourcecode.c.h; path = ASINetworkQueue.h; sourceTree = "<group>"; };
		87B0332914FA2C7A001708CE /* ASINetworkQueue.m */ = {isa = PBXFileReference; lastKnownFileType = sourcecode.c.objc; path = ASINetworkQueue.m; sourceTree = "<group>"; };
		87B0332A14FA2C7A001708CE /* ASIProgressDelegate.h */ = {isa = PBXFileReference; lastKnownFileType = sourcecode.c.h; path = ASIProgressDelegate.h; sourceTree = "<group>"; };
		87B0332C14FA2C9F001708CE /* JSON.h */ = {isa = PBXFileReference; fileEncoding = 4; lastKnownFileType = sourcecode.c.h; path = JSON.h; sourceTree = "<group>"; };
		87B0332D14FA2C9F001708CE /* NSObject+SBJson.h */ = {isa = PBXFileReference; fileEncoding = 4; lastKnownFileType = sourcecode.c.h; path = "NSObject+SBJson.h"; sourceTree = "<group>"; };
		87B0332E14FA2C9F001708CE /* NSObject+SBJson.m */ = {isa = PBXFileReference; fileEncoding = 4; lastKnownFileType = sourcecode.c.objc; path = "NSObject+SBJson.m"; sourceTree = "<group>"; };
		87B0332F14FA2C9F001708CE /* SBJson.h */ = {isa = PBXFileReference; fileEncoding = 4; lastKnownFileType = sourcecode.c.h; path = SBJson.h; sourceTree = "<group>"; };
		87B0333014FA2C9F001708CE /* SBJsonParser.h */ = {isa = PBXFileReference; fileEncoding = 4; lastKnownFileType = sourcecode.c.h; path = SBJsonParser.h; sourceTree = "<group>"; };
		87B0333114FA2C9F001708CE /* SBJsonParser.m */ = {isa = PBXFileReference; fileEncoding = 4; lastKnownFileType = sourcecode.c.objc; path = SBJsonParser.m; sourceTree = "<group>"; };
		87B0333214FA2C9F001708CE /* SBJsonStreamParser.h */ = {isa = PBXFileReference; fileEncoding = 4; lastKnownFileType = sourcecode.c.h; path = SBJsonStreamParser.h; sourceTree = "<group>"; };
		87B0333314FA2C9F001708CE /* SBJsonStreamParser.m */ = {isa = PBXFileReference; fileEncoding = 4; lastKnownFileType = sourcecode.c.objc; path = SBJsonStreamParser.m; sourceTree = "<group>"; };
		87B0333414FA2C9F001708CE /* SBJsonStreamParserAccumulator.h */ = {isa = PBXFileReference; fileEncoding = 4; lastKnownFileType = sourcecode.c.h; path = SBJsonStreamParserAccumulator.h; sourceTree = "<group>"; };
		87B0333514FA2C9F001708CE /* SBJsonStreamParserAccumulator.m */ = {isa = PBXFileReference; fileEncoding = 4; lastKnownFileType = sourcecode.c.objc; path = SBJsonStreamParserAccumulator.m; sourceTree = "<group>"; };
		87B0333614FA2C9F001708CE /* SBJsonStreamParserAdapter.h */ = {isa = PBXFileReference; fileEncoding = 4; lastKnownFileType = sourcecode.c.h; path = SBJsonStreamParserAdapter.h; sourceTree = "<group>"; };
		87B0333714FA2C9F001708CE /* SBJsonStreamParserAdapter.m */ = {isa = PBXFileReference; fileEncoding = 4; lastKnownFileType = sourcecode.c.objc; path = SBJsonStreamParserAdapter.m; sourceTree = "<group>"; };
		87B0333814FA2C9F001708CE /* SBJsonStreamParserState.h */ = {isa = PBXFileReference; fileEncoding = 4; lastKnownFileType = sourcecode.c.h; path = SBJsonStreamParserState.h; sourceTree = "<group>"; };
		87B0333914FA2C9F001708CE /* SBJsonStreamParserState.m */ = {isa = PBXFileReference; fileEncoding = 4; lastKnownFileType = sourcecode.c.objc; path = SBJsonStreamParserState.m; sourceTree = "<group>"; };
		87B0333A14FA2C9F001708CE /* SBJsonStreamWriter.h */ = {isa = PBXFileReference; fileEncoding = 4; lastKnownFileType = sourcecode.c.h; path = SBJsonStreamWriter.h; sourceTree = "<group>"; };
		87B0333B14FA2C9F001708CE /* SBJsonStreamWriter.m */ = {isa = PBXFileReference; fileEncoding = 4; lastKnownFileType = sourcecode.c.objc; path = SBJsonStreamWriter.m; sourceTree = "<group>"; };
		87B0333C14FA2C9F001708CE /* SBJsonStreamWriterAccumulator.h */ = {isa = PBXFileReference; fileEncoding = 4; lastKnownFileType = sourcecode.c.h; path = SBJsonStreamWriterAccumulator.h; sourceTree = "<group>"; };
		87B0333D14FA2C9F001708CE /* SBJsonStreamWriterAccumulator.m */ = {isa = PBXFileReference; fileEncoding = 4; lastKnownFileType = sourcecode.c.objc; path = SBJsonStreamWriterAccumulator.m; sourceTree = "<group>"; };
		87B0333E14FA2C9F001708CE /* SBJsonStreamWriterState.h */ = {isa = PBXFileReference; fileEncoding = 4; lastKnownFileType = sourcecode.c.h; path = SBJsonStreamWriterState.h; sourceTree = "<group>"; };
		87B0333F14FA2C9F001708CE /* SBJsonStreamWriterState.m */ = {isa = PBXFileReference; fileEncoding = 4; lastKnownFileType = sourcecode.c.objc; path = SBJsonStreamWriterState.m; sourceTree = "<group>"; };
		87B0334014FA2C9F001708CE /* SBJsonTokeniser.h */ = {isa = PBXFileReference; fileEncoding = 4; lastKnownFileType = sourcecode.c.h; path = SBJsonTokeniser.h; sourceTree = "<group>"; };
		87B0334114FA2C9F001708CE /* SBJsonTokeniser.m */ = {isa = PBXFileReference; fileEncoding = 4; lastKnownFileType = sourcecode.c.objc; path = SBJsonTokeniser.m; sourceTree = "<group>"; };
		87B0334214FA2C9F001708CE /* SBJsonUTF8Stream.h */ = {isa = PBXFileReference; fileEncoding = 4; lastKnownFileType = sourcecode.c.h; path = SBJsonUTF8Stream.h; sourceTree = "<group>"; };
		87B0334314FA2C9F001708CE /* SBJsonUTF8Stream.m */ = {isa = PBXFileReference; fileEncoding = 4; lastKnownFileType = sourcecode.c.objc; path = SBJsonUTF8Stream.m; sourceTree = "<group>"; };
		87B0334414FA2C9F001708CE /* SBJsonWriter.h */ = {isa = PBXFileReference; fileEncoding = 4; lastKnownFileType = sourcecode.c.h; path = SBJsonWriter.h; sourceTree = "<group>"; };
		87B0334514FA2C9F001708CE /* SBJsonWriter.m */ = {isa = PBXFileReference; fileEncoding = 4; lastKnownFileType = sourcecode.c.objc; path = SBJsonWriter.m; sourceTree = "<group>"; };
		87B0335314FA2CCD001708CE /* FJPhudgeServerInterface.h */ = {isa = PBXFileReference; fileEncoding = 4; lastKnownFileType = sourcecode.c.h; path = FJPhudgeServerInterface.h; sourceTree = "<group>"; };
		87B0335414FA2CCD001708CE /* FJPhudgeServerInterface.m */ = {isa = PBXFileReference; fileEncoding = 4; lastKnownFileType = sourcecode.c.objc; path = FJPhudgeServerInterface.m; sourceTree = "<group>"; };
		87B0335F14FA2D1B001708CE /* SystemConfiguration.framework */ = {isa = PBXFileReference; lastKnownFileType = wrapper.framework; name = SystemConfiguration.framework; path = System/Library/Frameworks/SystemConfiguration.framework; sourceTree = SDKROOT; };
		87B0336114FA2D23001708CE /* libz.dylib */ = {isa = PBXFileReference; lastKnownFileType = "compiled.mach-o.dylib"; name = libz.dylib; path = usr/lib/libz.dylib; sourceTree = SDKROOT; };
		87B0336314FA2D2F001708CE /* CFNetwork.framework */ = {isa = PBXFileReference; lastKnownFileType = wrapper.framework; name = CFNetwork.framework; path = System/Library/Frameworks/CFNetwork.framework; sourceTree = SDKROOT; };
		87B0336E14FA35BB001708CE /* FJPhudgeFacebookInterface.h */ = {isa = PBXFileReference; fileEncoding = 4; lastKnownFileType = sourcecode.c.h; path = FJPhudgeFacebookInterface.h; sourceTree = "<group>"; };
		87B0336F14FA35BB001708CE /* FJPhudgeFacebookInterface.m */ = {isa = PBXFileReference; fileEncoding = 4; lastKnownFileType = sourcecode.c.objc; path = FJPhudgeFacebookInterface.m; sourceTree = "<group>"; };
		87B0337214FA35FC001708CE /* Facebook.h */ = {isa = PBXFileReference; fileEncoding = 4; lastKnownFileType = sourcecode.c.h; path = Facebook.h; sourceTree = "<group>"; };
		87B0337314FA35FC001708CE /* Facebook.m */ = {isa = PBXFileReference; fileEncoding = 4; lastKnownFileType = sourcecode.c.objc; path = Facebook.m; sourceTree = "<group>"; };
		87B0337414FA35FC001708CE /* FBConnect.h */ = {isa = PBXFileReference; fileEncoding = 4; lastKnownFileType = sourcecode.c.h; path = FBConnect.h; sourceTree = "<group>"; };
		87B0337514FA35FC001708CE /* FBDialog.bundle */ = {isa = PBXFileReference; lastKnownFileType = "wrapper.plug-in"; path = FBDialog.bundle; sourceTree = "<group>"; };
		87B0337614FA35FC001708CE /* FBDialog.h */ = {isa = PBXFileReference; fileEncoding = 4; lastKnownFileType = sourcecode.c.h; path = FBDialog.h; sourceTree = "<group>"; };
		87B0337714FA35FC001708CE /* FBDialog.m */ = {isa = PBXFileReference; fileEncoding = 4; lastKnownFileType = sourcecode.c.objc; path = FBDialog.m; sourceTree = "<group>"; };
		87B0337814FA35FC001708CE /* FBLoginDialog.h */ = {isa = PBXFileReference; fileEncoding = 4; lastKnownFileType = sourcecode.c.h; path = FBLoginDialog.h; sourceTree = "<group>"; };
		87B0337914FA35FC001708CE /* FBLoginDialog.m */ = {isa = PBXFileReference; fileEncoding = 4; lastKnownFileType = sourcecode.c.objc; path = FBLoginDialog.m; sourceTree = "<group>"; };
		87B0337A14FA35FC001708CE /* FBRequest.h */ = {isa = PBXFileReference; fileEncoding = 4; lastKnownFileType = sourcecode.c.h; path = FBRequest.h; sourceTree = "<group>"; };
		87B0337B14FA35FC001708CE /* FBRequest.m */ = {isa = PBXFileReference; fileEncoding = 4; lastKnownFileType = sourcecode.c.objc; path = FBRequest.m; sourceTree = "<group>"; };
		8D1107310486CEB800E47090 /* Phudge-Info.plist */ = {isa = PBXFileReference; fileEncoding = 4; lastKnownFileType = text.plist.xml; path = "Phudge-Info.plist"; plistStructureDefinitionIdentifier = "com.apple.xcode.plist.structure-definition.iphone.info-plist"; sourceTree = "<group>"; };
		955110CD14F9681F00907469 /* AVCamUtilities.h */ = {isa = PBXFileReference; fileEncoding = 4; lastKnownFileType = sourcecode.c.h; path = AVCamUtilities.h; sourceTree = "<group>"; };
		955110CE14F9681F00907469 /* AVCamUtilities.m */ = {isa = PBXFileReference; fileEncoding = 4; lastKnownFileType = sourcecode.c.objc; path = AVCamUtilities.m; sourceTree = "<group>"; };
		955110E414F9799F00907469 /* CoreMotion.framework */ = {isa = PBXFileReference; lastKnownFileType = wrapper.framework; name = CoreMotion.framework; path = System/Library/Frameworks/CoreMotion.framework; sourceTree = SDKROOT; };
		955110EC14F98E6D00907469 /* s.png */ = {isa = PBXFileReference; lastKnownFileType = image.png; path = s.png; sourceTree = "<group>"; };
		95ECCDEE14FA28F80039770E /* PhotoPreviewViewController.h */ = {isa = PBXFileReference; fileEncoding = 4; lastKnownFileType = sourcecode.c.h; name = PhotoPreviewViewController.h; path = Classes/PhotoPreviewViewController.h; sourceTree = "<group>"; };
		95ECCDEF14FA28F80039770E /* PhotoPreviewViewController.m */ = {isa = PBXFileReference; fileEncoding = 4; lastKnownFileType = sourcecode.c.objc; name = PhotoPreviewViewController.m; path = Classes/PhotoPreviewViewController.m; sourceTree = "<group>"; };
		95ECCDF014FA28F80039770E /* PhotoPreviewViewController.xib */ = {isa = PBXFileReference; fileEncoding = 4; lastKnownFileType = file.xib; name = PhotoPreviewViewController.xib; path = Classes/PhotoPreviewViewController.xib; sourceTree = "<group>"; };
		AF2A5BFF1434ED1F007EF597 /* en */ = {isa = PBXFileReference; lastKnownFileType = file.xib; name = en; path = en.lproj/MainWindow.xib; sourceTree = "<group>"; };
		AF2A5C011434ED1F007EF597 /* en */ = {isa = PBXFileReference; lastKnownFileType = file.xib; name = en; path = en.lproj/RosyWriterViewController.xib; sourceTree = "<group>"; };
		AF928C0E140C2AD300844BAD /* ShaderUtilities.c */ = {isa = PBXFileReference; fileEncoding = 4; lastKnownFileType = sourcecode.c.c; name = ShaderUtilities.c; path = Classes/ShaderUtilities.c; sourceTree = "<group>"; };
		AF928C0F140C2AD300844BAD /* ShaderUtilities.h */ = {isa = PBXFileReference; fileEncoding = 4; lastKnownFileType = sourcecode.c.h; name = ShaderUtilities.h; path = Classes/ShaderUtilities.h; sourceTree = "<group>"; };
		AFC35FDA13FEFC0A0043EAD6 /* passThrough.fsh */ = {isa = PBXFileReference; fileEncoding = 4; lastKnownFileType = sourcecode.glsl; path = passThrough.fsh; sourceTree = "<group>"; };
		AFC35FDB13FEFC0A0043EAD6 /* passThrough.vsh */ = {isa = PBXFileReference; fileEncoding = 4; lastKnownFileType = sourcecode.glsl; path = passThrough.vsh; sourceTree = "<group>"; };
		AFC35FE613FF35900043EAD6 /* RosyWriterVideoProcessor.h */ = {isa = PBXFileReference; fileEncoding = 4; lastKnownFileType = sourcecode.c.h; name = RosyWriterVideoProcessor.h; path = Classes/RosyWriterVideoProcessor.h; sourceTree = "<group>"; };
		AFC35FE713FF35900043EAD6 /* RosyWriterVideoProcessor.m */ = {isa = PBXFileReference; fileEncoding = 4; lastKnownFileType = sourcecode.c.objc; name = RosyWriterVideoProcessor.m; path = Classes/RosyWriterVideoProcessor.m; sourceTree = "<group>"; };
/* End PBXFileReference section */

/* Begin PBXFrameworksBuildPhase section */
		1D60588F0D05DD3D006BFB54 /* Frameworks */ = {
			isa = PBXFrameworksBuildPhase;
			buildActionMask = 2147483647;
			files = (
				87B0336414FA2D2F001708CE /* CFNetwork.framework in Frameworks */,
				87B0336214FA2D23001708CE /* libz.dylib in Frameworks */,
				87B0336014FA2D1B001708CE /* SystemConfiguration.framework in Frameworks */,
				955110E514F9799F00907469 /* CoreMotion.framework in Frameworks */,
				26B0755D13981497003A24D9 /* OpenGLES.framework in Frameworks */,
				1D60589F0D05DD5A006BFB54 /* Foundation.framework in Frameworks */,
				1DF5F4E00D08C38300B7A737 /* UIKit.framework in Frameworks */,
				288765590DF743DE002DB57D /* CoreGraphics.framework in Frameworks */,
				26545D0812E6ACE0004BB151 /* AVFoundation.framework in Frameworks */,
				26545D0A12E6ACE0004BB151 /* CoreMedia.framework in Frameworks */,
				2694EA4112F8E712007D4CFF /* CoreVideo.framework in Frameworks */,
				26DC173912FA5289004340D7 /* MobileCoreServices.framework in Frameworks */,
				266059761325B7AB001A16FE /* AssetsLibrary.framework in Frameworks */,
				267A775D133AA0E0005BCA26 /* QuartzCore.framework in Frameworks */,
			);
			runOnlyForDeploymentPostprocessing = 0;
		};
/* End PBXFrameworksBuildPhase section */

/* Begin PBXGroup section */
		19C28FACFE9D520D11CA2CBB /* Products */ = {
			isa = PBXGroup;
			children = (
				1D6058910D05DD3D006BFB54 /* Phudge.app */,
			);
			name = Products;
			sourceTree = "<group>";
		};
		29B97314FDCFA39411CA2CEA /* CustomTemplate */ = {
			isa = PBXGroup;
			children = (
				955110CD14F9681F00907469 /* AVCamUtilities.h */,
				955110CE14F9681F00907469 /* AVCamUtilities.m */,
				AFC35FD913FEFC0A0043EAD6 /* Shaders */,
				AFC35F7513FEEF5E0043EAD6 /* Classes */,
				29B97315FDCFA39411CA2CEA /* Other Sources */,
				29B97317FDCFA39411CA2CEA /* Resources */,
				29B97323FDCFA39411CA2CEA /* Frameworks */,
				19C28FACFE9D520D11CA2CBB /* Products */,
			);
			name = CustomTemplate;
			sourceTree = "<group>";
		};
		29B97315FDCFA39411CA2CEA /* Other Sources */ = {
			isa = PBXGroup;
			children = (
				AF928C0E140C2AD300844BAD /* ShaderUtilities.c */,
				AF928C0F140C2AD300844BAD /* ShaderUtilities.h */,
				32CA4F630368D1EE00C91783 /* RosyWriter_Prefix.pch */,
				29B97316FDCFA39411CA2CEA /* main.m */,
			);
			name = "Other Sources";
			sourceTree = "<group>";
		};
		29B97317FDCFA39411CA2CEA /* Resources */ = {
			isa = PBXGroup;
			children = (
				955110EC14F98E6D00907469 /* s.png */,
				AF2A5BFE1434ED1F007EF597 /* MainWindow.xib */,
				AF2A5C001434ED1F007EF597 /* RosyWriterViewController.xib */,
				8D1107310486CEB800E47090 /* Phudge-Info.plist */,
			);
			name = Resources;
			sourceTree = "<group>";
		};
		29B97323FDCFA39411CA2CEA /* Frameworks */ = {
			isa = PBXGroup;
			children = (
				87B0336314FA2D2F001708CE /* CFNetwork.framework */,
				87B0336114FA2D23001708CE /* libz.dylib */,
				87B0335F14FA2D1B001708CE /* SystemConfiguration.framework */,
				955110E414F9799F00907469 /* CoreMotion.framework */,
				1DF5F4DF0D08C38300B7A737 /* UIKit.framework */,
				1D30AB110D05D00D00671497 /* Foundation.framework */,
				288765580DF743DE002DB57D /* CoreGraphics.framework */,
				26545D0912E6ACE0004BB151 /* CoreMedia.framework */,
				26545D0712E6ACE0004BB151 /* AVFoundation.framework */,
				2694EA4012F8E712007D4CFF /* CoreVideo.framework */,
				26DC173812FA5289004340D7 /* MobileCoreServices.framework */,
				266059751325B7AB001A16FE /* AssetsLibrary.framework */,
				267A775C133AA0E0005BCA26 /* QuartzCore.framework */,
				26B0755C13981497003A24D9 /* OpenGLES.framework */,
			);
			name = Frameworks;
			sourceTree = "<group>";
		};
		87B0330D14FA28F3001708CE /* Finalize Phudge Screen */ = {
			isa = PBXGroup;
			children = (
				87B0330F14FA2930001708CE /* FinalizePhudgeViewController.h */,
				87B0331014FA2930001708CE /* FinalizePhudgeViewController.m */,
				87B0331114FA2930001708CE /* FinalizePhudgeViewController.xib */,
			);
			name = "Finalize Phudge Screen";
			sourceTree = "<group>";
		};
		87B0331414FA2C66001708CE /* Server Interface */ = {
			isa = PBXGroup;
			children = (
				87B0336E14FA35BB001708CE /* FJPhudgeFacebookInterface.h */,
				87B0336F14FA35BB001708CE /* FJPhudgeFacebookInterface.m */,
				87B0337114FA35D8001708CE /* Facebook */,
				87B0335314FA2CCD001708CE /* FJPhudgeServerInterface.h */,
				87B0335414FA2CCD001708CE /* FJPhudgeServerInterface.m */,
				87B0335214FA2CA7001708CE /* JSON */,
				87B0332B14FA2C82001708CE /* ASI */,
			);
			name = "Server Interface";
			sourceTree = "<group>";
		};
		87B0332B14FA2C82001708CE /* ASI */ = {
			isa = PBXGroup;
			children = (
				87B0331514FA2C7A001708CE /* Reachability.h */,
				87B0331614FA2C7A001708CE /* Reachability.m */,
				87B0331714FA2C7A001708CE /* ASIAuthenticationDialog.h */,
				87B0331814FA2C7A001708CE /* ASIAuthenticationDialog.m */,
				87B0331914FA2C7A001708CE /* ASICacheDelegate.h */,
				87B0331A14FA2C7A001708CE /* ASIDataCompressor.h */,
				87B0331B14FA2C7A001708CE /* ASIDataCompressor.m */,
				87B0331C14FA2C7A001708CE /* ASIDataDecompressor.h */,
				87B0331D14FA2C7A001708CE /* ASIDataDecompressor.m */,
				87B0331E14FA2C7A001708CE /* ASIDownloadCache.h */,
				87B0331F14FA2C7A001708CE /* ASIDownloadCache.m */,
				87B0332014FA2C7A001708CE /* ASIFormDataRequest.h */,
				87B0332114FA2C7A001708CE /* ASIFormDataRequest.m */,
				87B0332214FA2C7A001708CE /* ASIHTTPRequest.h */,
				87B0332314FA2C7A001708CE /* ASIHTTPRequest.m */,
				87B0332414FA2C7A001708CE /* ASIHTTPRequestConfig.h */,
				87B0332514FA2C7A001708CE /* ASIHTTPRequestDelegate.h */,
				87B0332614FA2C7A001708CE /* ASIInputStream.h */,
				87B0332714FA2C7A001708CE /* ASIInputStream.m */,
				87B0332814FA2C7A001708CE /* ASINetworkQueue.h */,
				87B0332914FA2C7A001708CE /* ASINetworkQueue.m */,
				87B0332A14FA2C7A001708CE /* ASIProgressDelegate.h */,
			);
			name = ASI;
			sourceTree = "<group>";
		};
		87B0335214FA2CA7001708CE /* JSON */ = {
			isa = PBXGroup;
			children = (
				87B0332C14FA2C9F001708CE /* JSON.h */,
				87B0332D14FA2C9F001708CE /* NSObject+SBJson.h */,
				87B0332E14FA2C9F001708CE /* NSObject+SBJson.m */,
				87B0332F14FA2C9F001708CE /* SBJson.h */,
				87B0333014FA2C9F001708CE /* SBJsonParser.h */,
				87B0333114FA2C9F001708CE /* SBJsonParser.m */,
				87B0333214FA2C9F001708CE /* SBJsonStreamParser.h */,
				87B0333314FA2C9F001708CE /* SBJsonStreamParser.m */,
				87B0333414FA2C9F001708CE /* SBJsonStreamParserAccumulator.h */,
				87B0333514FA2C9F001708CE /* SBJsonStreamParserAccumulator.m */,
				87B0333614FA2C9F001708CE /* SBJsonStreamParserAdapter.h */,
				87B0333714FA2C9F001708CE /* SBJsonStreamParserAdapter.m */,
				87B0333814FA2C9F001708CE /* SBJsonStreamParserState.h */,
				87B0333914FA2C9F001708CE /* SBJsonStreamParserState.m */,
				87B0333A14FA2C9F001708CE /* SBJsonStreamWriter.h */,
				87B0333B14FA2C9F001708CE /* SBJsonStreamWriter.m */,
				87B0333C14FA2C9F001708CE /* SBJsonStreamWriterAccumulator.h */,
				87B0333D14FA2C9F001708CE /* SBJsonStreamWriterAccumulator.m */,
				87B0333E14FA2C9F001708CE /* SBJsonStreamWriterState.h */,
				87B0333F14FA2C9F001708CE /* SBJsonStreamWriterState.m */,
				87B0334014FA2C9F001708CE /* SBJsonTokeniser.h */,
				87B0334114FA2C9F001708CE /* SBJsonTokeniser.m */,
				87B0334214FA2C9F001708CE /* SBJsonUTF8Stream.h */,
				87B0334314FA2C9F001708CE /* SBJsonUTF8Stream.m */,
				87B0334414FA2C9F001708CE /* SBJsonWriter.h */,
				87B0334514FA2C9F001708CE /* SBJsonWriter.m */,
			);
			name = JSON;
			sourceTree = "<group>";
		};
		87B0337114FA35D8001708CE /* Facebook */ = {
			isa = PBXGroup;
			children = (
				87B0337214FA35FC001708CE /* Facebook.h */,
				87B0337314FA35FC001708CE /* Facebook.m */,
				87B0337414FA35FC001708CE /* FBConnect.h */,
				87B0337514FA35FC001708CE /* FBDialog.bundle */,
				87B0337614FA35FC001708CE /* FBDialog.h */,
				87B0337714FA35FC001708CE /* FBDialog.m */,
				87B0337814FA35FC001708CE /* FBLoginDialog.h */,
				87B0337914FA35FC001708CE /* FBLoginDialog.m */,
				87B0337A14FA35FC001708CE /* FBRequest.h */,
				87B0337B14FA35FC001708CE /* FBRequest.m */,
			);
			name = Facebook;
			sourceTree = "<group>";
		};
		AFC35F7513FEEF5E0043EAD6 /* Classes */ = {
			isa = PBXGroup;
			children = (
				87B0331414FA2C66001708CE /* Server Interface */,
				87B0330D14FA28F3001708CE /* Finalize Phudge Screen */,
				AFC35FE613FF35900043EAD6 /* RosyWriterVideoProcessor.h */,
				AFC35FE713FF35900043EAD6 /* RosyWriterVideoProcessor.m */,
				289233A80DB2D0DB0083E9F9 /* RosyWriterViewController.h */,
				289233A90DB2D0DB0083E9F9 /* RosyWriterViewController.m */,
				95ECCDEE14FA28F80039770E /* PhotoPreviewViewController.h */,
				95ECCDEF14FA28F80039770E /* PhotoPreviewViewController.m */,
				95ECCDF014FA28F80039770E /* PhotoPreviewViewController.xib */,
				26B0755713981396003A24D9 /* RosyWriterPreviewView.h */,
				26B0755813981396003A24D9 /* RosyWriterPreviewView.m */,
				1D3623240D0F684500981E51 /* RosyWriterAppDelegate.h */,
				1D3623250D0F684500981E51 /* RosyWriterAppDelegate.m */,
			);
			name = Classes;
			sourceTree = "<group>";
		};
		AFC35FD913FEFC0A0043EAD6 /* Shaders */ = {
			isa = PBXGroup;
			children = (
				AFC35FDA13FEFC0A0043EAD6 /* passThrough.fsh */,
				AFC35FDB13FEFC0A0043EAD6 /* passThrough.vsh */,
			);
			path = Shaders;
			sourceTree = "<group>";
		};
/* End PBXGroup section */

/* Begin PBXNativeTarget section */
		1D6058900D05DD3D006BFB54 /* Phudge */ = {
			isa = PBXNativeTarget;
			buildConfigurationList = 1D6058960D05DD3E006BFB54 /* Build configuration list for PBXNativeTarget "Phudge" */;
			buildPhases = (
				1D60588D0D05DD3D006BFB54 /* Resources */,
				1D60588E0D05DD3D006BFB54 /* Sources */,
				1D60588F0D05DD3D006BFB54 /* Frameworks */,
			);
			buildRules = (
			);
			dependencies = (
			);
			name = Phudge;
			productName = MovieWriter;
			productReference = 1D6058910D05DD3D006BFB54 /* Phudge.app */;
			productType = "com.apple.product-type.application";
		};
/* End PBXNativeTarget section */

/* Begin PBXProject section */
		29B97313FDCFA39411CA2CEA /* Project object */ = {
			isa = PBXProject;
			attributes = {
				LastUpgradeCheck = 0420;
			};
			buildConfigurationList = C01FCF4E08A954540054247B /* Build configuration list for PBXProject "Phudge" */;
			compatibilityVersion = "Xcode 3.2";
			developmentRegion = English;
			hasScannedForEncodings = 1;
			knownRegions = (
				English,
				Japanese,
				French,
				German,
				en,
			);
			mainGroup = 29B97314FDCFA39411CA2CEA /* CustomTemplate */;
			projectDirPath = "";
			projectRoot = "";
			targets = (
				1D6058900D05DD3D006BFB54 /* Phudge */,
			);
		};
/* End PBXProject section */

/* Begin PBXResourcesBuildPhase section */
		1D60588D0D05DD3D006BFB54 /* Resources */ = {
			isa = PBXResourcesBuildPhase;
			buildActionMask = 2147483647;
			files = (
				AFC35FDC13FEFC0A0043EAD6 /* passThrough.fsh in Resources */,
				AFC35FDD13FEFC0A0043EAD6 /* passThrough.vsh in Resources */,
				AF2A5C021434ED1F007EF597 /* MainWindow.xib in Resources */,
				AF2A5C031434ED1F007EF597 /* RosyWriterViewController.xib in Resources */,
				955110ED14F98E6D00907469 /* s.png in Resources */,
				87B0331314FA2930001708CE /* FinalizePhudgeViewController.xib in Resources */,
				95ECCDF214FA28F80039770E /* PhotoPreviewViewController.xib in Resources */,
				87B0337D14FA35FC001708CE /* FBDialog.bundle in Resources */,
			);
			runOnlyForDeploymentPostprocessing = 0;
		};
/* End PBXResourcesBuildPhase section */

/* Begin PBXSourcesBuildPhase section */
		1D60588E0D05DD3D006BFB54 /* Sources */ = {
			isa = PBXSourcesBuildPhase;
			buildActionMask = 2147483647;
			files = (
				1D60589B0D05DD56006BFB54 /* main.m in Sources */,
				1D3623260D0F684500981E51 /* RosyWriterAppDelegate.m in Sources */,
				289233AE0DB2D0DB0083E9F9 /* RosyWriterViewController.m in Sources */,
				26B0755913981396003A24D9 /* RosyWriterPreviewView.m in Sources */,
				87B0335614FA2D00001708CE /* Reachability.m in Sources */,
				87B0335714FA2D00001708CE /* ASIAuthenticationDialog.m in Sources */,
				87B0335814FA2D00001708CE /* ASIDataCompressor.m in Sources */,
				87B0335914FA2D00001708CE /* ASIDataDecompressor.m in Sources */,
				87B0335A14FA2D00001708CE /* ASIDownloadCache.m in Sources */,
				87B0335B14FA2D00001708CE /* ASIFormDataRequest.m in Sources */,
				87B0335C14FA2D00001708CE /* ASIHTTPRequest.m in Sources */,
				87B0335D14FA2D00001708CE /* ASIInputStream.m in Sources */,
				87B0335E14FA2D00001708CE /* ASINetworkQueue.m in Sources */,
				AFC35FE813FF35900043EAD6 /* RosyWriterVideoProcessor.m in Sources */,
				AF928C10140C2AD300844BAD /* ShaderUtilities.c in Sources */,
				955110CF14F9681F00907469 /* AVCamUtilities.m in Sources */,
				87B0331214FA2930001708CE /* FinalizePhudgeViewController.m in Sources */,
				87B0334614FA2C9F001708CE /* NSObject+SBJson.m in Sources */,
				87B0334714FA2C9F001708CE /* SBJsonParser.m in Sources */,
				87B0334814FA2C9F001708CE /* SBJsonStreamParser.m in Sources */,
				87B0334914FA2C9F001708CE /* SBJsonStreamParserAccumulator.m in Sources */,
				87B0334A14FA2C9F001708CE /* SBJsonStreamParserAdapter.m in Sources */,
				87B0334B14FA2C9F001708CE /* SBJsonStreamParserState.m in Sources */,
				87B0334C14FA2C9F001708CE /* SBJsonStreamWriter.m in Sources */,
				87B0334D14FA2C9F001708CE /* SBJsonStreamWriterAccumulator.m in Sources */,
				87B0334E14FA2C9F001708CE /* SBJsonStreamWriterState.m in Sources */,
				87B0334F14FA2C9F001708CE /* SBJsonTokeniser.m in Sources */,
				87B0335014FA2C9F001708CE /* SBJsonUTF8Stream.m in Sources */,
				87B0335114FA2C9F001708CE /* SBJsonWriter.m in Sources */,
				87B0335514FA2CCD001708CE /* FJPhudgeServerInterface.m in Sources */,
				95ECCDF114FA28F80039770E /* PhotoPreviewViewController.m in Sources */,
				87B0337014FA35BB001708CE /* FJPhudgeFacebookInterface.m in Sources */,
				87B0337C14FA35FC001708CE /* Facebook.m in Sources */,
				87B0337E14FA35FC001708CE /* FBDialog.m in Sources */,
				87B0337F14FA35FC001708CE /* FBLoginDialog.m in Sources */,
				87B0338014FA35FC001708CE /* FBRequest.m in Sources */,
			);
			runOnlyForDeploymentPostprocessing = 0;
		};
/* End PBXSourcesBuildPhase section */

/* Begin PBXVariantGroup section */
		AF2A5BFE1434ED1F007EF597 /* MainWindow.xib */ = {
			isa = PBXVariantGroup;
			children = (
				AF2A5BFF1434ED1F007EF597 /* en */,
			);
			name = MainWindow.xib;
			sourceTree = "<group>";
		};
		AF2A5C001434ED1F007EF597 /* RosyWriterViewController.xib */ = {
			isa = PBXVariantGroup;
			children = (
				AF2A5C011434ED1F007EF597 /* en */,
			);
			name = RosyWriterViewController.xib;
			sourceTree = "<group>";
		};
/* End PBXVariantGroup section */

/* Begin XCBuildConfiguration section */
		1D6058940D05DD3E006BFB54 /* Debug */ = {
			isa = XCBuildConfiguration;
			buildSettings = {
				ALWAYS_SEARCH_USER_PATHS = NO;
				COPY_PHASE_STRIP = NO;
				GCC_DYNAMIC_NO_PIC = NO;
				GCC_OPTIMIZATION_LEVEL = 0;
				GCC_PRECOMPILE_PREFIX_HEADER = YES;
				GCC_PREFIX_HEADER = Phudge_Prefix.pch;
				INFOPLIST_FILE = "Phudge-Info.plist";
				IPHONEOS_DEPLOYMENT_TARGET = 5.0;
				PRODUCT_NAME = Phudge;
				TARGETED_DEVICE_FAMILY = 1;
			};
			name = Debug;
		};
		1D6058950D05DD3E006BFB54 /* Release */ = {
			isa = XCBuildConfiguration;
			buildSettings = {
				ALWAYS_SEARCH_USER_PATHS = NO;
				COPY_PHASE_STRIP = YES;
				GCC_PRECOMPILE_PREFIX_HEADER = YES;
				GCC_PREFIX_HEADER = Phudge_Prefix.pch;
				INFOPLIST_FILE = "Phudge-Info.plist";
				IPHONEOS_DEPLOYMENT_TARGET = 5.0;
				PRODUCT_NAME = Phudge;
				TARGETED_DEVICE_FAMILY = 1;
				VALIDATE_PRODUCT = YES;
			};
			name = Release;
		};
		C01FCF4F08A954540054247B /* Debug */ = {
			isa = XCBuildConfiguration;
			buildSettings = {
				ARCHS = "$(ARCHS_STANDARD_32_BIT)";
				CODE_SIGN_IDENTITY = "iPhone Developer";
				"CODE_SIGN_IDENTITY[sdk=iphoneos*]" = "iPhone Developer";
				GCC_C_LANGUAGE_STANDARD = c99;
				GCC_WARN_ABOUT_MISSING_PROTOTYPES = YES;
				GCC_WARN_ABOUT_RETURN_TYPE = YES;
				GCC_WARN_UNUSED_VARIABLE = YES;
				PROVISIONING_PROFILE = "";
				"PROVISIONING_PROFILE[sdk=iphoneos*]" = "";
				RUN_CLANG_STATIC_ANALYZER = YES;
				SDKROOT = iphoneos;
				TARGETED_DEVICE_FAMILY = "1,2";
			};
			name = Debug;
		};
		C01FCF5008A954540054247B /* Release */ = {
			isa = XCBuildConfiguration;
			buildSettings = {
				ARCHS = "$(ARCHS_STANDARD_32_BIT)";
				CODE_SIGN_IDENTITY = "iPhone Developer";
				"CODE_SIGN_IDENTITY[sdk=iphoneos*]" = "iPhone Developer";
				GCC_C_LANGUAGE_STANDARD = c99;
				GCC_WARN_ABOUT_MISSING_PROTOTYPES = YES;
				GCC_WARN_ABOUT_RETURN_TYPE = YES;
				GCC_WARN_UNUSED_VARIABLE = YES;
				OTHER_CFLAGS = "-DNS_BLOCK_ASSERTIONS=1";
				PROVISIONING_PROFILE = "";
				SDKROOT = iphoneos;
				TARGETED_DEVICE_FAMILY = "1,2";
			};
			name = Release;
		};
/* End XCBuildConfiguration section */

/* Begin XCConfigurationList section */
		1D6058960D05DD3E006BFB54 /* Build configuration list for PBXNativeTarget "Phudge" */ = {
			isa = XCConfigurationList;
			buildConfigurations = (
				1D6058940D05DD3E006BFB54 /* Debug */,
				1D6058950D05DD3E006BFB54 /* Release */,
			);
			defaultConfigurationIsVisible = 0;
			defaultConfigurationName = Release;
		};
		C01FCF4E08A954540054247B /* Build configuration list for PBXProject "Phudge" */ = {
			isa = XCConfigurationList;
			buildConfigurations = (
				C01FCF4F08A954540054247B /* Debug */,
				C01FCF5008A954540054247B /* Release */,
			);
			defaultConfigurationIsVisible = 0;
			defaultConfigurationName = Release;
		};
/* End XCConfigurationList section */
	};
	rootObject = 29B97313FDCFA39411CA2CEA /* Project object */;
}
